// !$*UTF8*$!
{
	archiveVersion = 1;
	classes = {
	};
	objectVersion = 46;
	objects = {

/* Begin PBXBuildFile section */
		8F4FF6E518889386003ACCCD /* Foundation.framework in Frameworks */ = {isa = PBXBuildFile; fileRef = 8F4FF6E418889386003ACCCD /* Foundation.framework */; };
		8F4FF6F018889386003ACCCD /* iSwipe.mm in Sources */ = {isa = PBXBuildFile; fileRef = 8F4FF6EF18889386003ACCCD /* iSwipe.mm */; };
/* End PBXBuildFile section */

/* Begin PBXFileReference section */
		8F4FF6E118889386003ACCCD /* iSwipe.dylib */ = {isa = PBXFileReference; explicitFileType = "compiled.mach-o.dylib"; includeInIndex = 0; path = iSwipe.dylib; sourceTree = BUILT_PRODUCTS_DIR; };
		8F4FF6E418889386003ACCCD /* Foundation.framework */ = {isa = PBXFileReference; lastKnownFileType = wrapper.framework; name = Foundation.framework; path = System/Library/Frameworks/Foundation.framework; sourceTree = SDKROOT; };
		8F4FF6E918889386003ACCCD /* control.txt */ = {isa = PBXFileReference; lastKnownFileType = text; name = control.txt; path = Package/DEBIAN/control.txt; sourceTree = "<group>"; };
		8F4FF6EA18889386003ACCCD /* control */ = {isa = PBXFileReference; lastKnownFileType = text; name = control; path = Package/DEBIAN/control; sourceTree = "<group>"; };
		8F4FF6EC18889386003ACCCD /* PackageVersion.plist */ = {isa = PBXFileReference; lastKnownFileType = text.plist.xml; path = PackageVersion.plist; sourceTree = "<group>"; };
		8F4FF6ED18889386003ACCCD /* iSwipe-Prefix.pch */ = {isa = PBXFileReference; lastKnownFileType = sourcecode.c.h; path = "iSwipe-Prefix.pch"; sourceTree = "<group>"; };
		8F4FF6EE18889386003ACCCD /* iSwipe.xm */ = {isa = PBXFileReference; lastKnownFileType = text; path = iSwipe.xm; sourceTree = "<group>"; };
		8F4FF6EF18889386003ACCCD /* iSwipe.mm */ = {isa = PBXFileReference; lastKnownFileType = sourcecode.cpp.objcpp; path = iSwipe.mm; sourceTree = "<group>"; };
		8F4FF6F418889386003ACCCD /* iSwipe.plist */ = {isa = PBXFileReference; lastKnownFileType = text.plist.xml; name = iSwipe.plist; path = Package/Library/MobileSubstrate/DynamicLibraries/iSwipe.plist; sourceTree = "<group>"; };
/* End PBXFileReference section */

/* Begin PBXFrameworksBuildPhase section */
		8F4FF6DD18889386003ACCCD /* Frameworks */ = {
			isa = PBXFrameworksBuildPhase;
			buildActionMask = 2147483647;
			files = (
				8F4FF6E518889386003ACCCD /* Foundation.framework in Frameworks */,
			);
			runOnlyForDeploymentPostprocessing = 0;
		};
/* End PBXFrameworksBuildPhase section */

/* Begin PBXGroup section */
		8F4FF6D618889386003ACCCD = {
			isa = PBXGroup;
			children = (
				8F4FF6E618889386003ACCCD /* iSwipe */,
				8F4FF6E318889386003ACCCD /* Frameworks */,
				8F4FF6E218889386003ACCCD /* Products */,
			);
			sourceTree = "<group>";
		};
		8F4FF6E218889386003ACCCD /* Products */ = {
			isa = PBXGroup;
			children = (
				8F4FF6E118889386003ACCCD /* iSwipe.dylib */,
			);
			name = Products;
			sourceTree = "<group>";
		};
		8F4FF6E318889386003ACCCD /* Frameworks */ = {
			isa = PBXGroup;
			children = (
				8F4FF6E418889386003ACCCD /* Foundation.framework */,
			);
			name = Frameworks;
			sourceTree = "<group>";
		};
		8F4FF6E618889386003ACCCD /* iSwipe */ = {
			isa = PBXGroup;
			children = (
				8F4FF6EE18889386003ACCCD /* iSwipe.xm */,
				8F4FF6EF18889386003ACCCD /* iSwipe.mm */,
				8F4FF6E718889386003ACCCD /* Package */,
				8F4FF6EB18889386003ACCCD /* Supporting Files */,
			);
			path = iSwipe;
			sourceTree = "<group>";
		};
		8F4FF6E718889386003ACCCD /* Package */ = {
			isa = PBXGroup;
			children = (
				8F4FF6E818889386003ACCCD /* DEBIAN */,
				8F4FF6F118889386003ACCCD /* Library */,
			);
			name = Package;
			sourceTree = "<group>";
		};
		8F4FF6E818889386003ACCCD /* DEBIAN */ = {
			isa = PBXGroup;
			children = (
				8F4FF6E918889386003ACCCD /* control.txt */,
				8F4FF6EA18889386003ACCCD /* control */,
			);
			name = DEBIAN;
			sourceTree = "<group>";
		};
		8F4FF6EB18889386003ACCCD /* Supporting Files */ = {
			isa = PBXGroup;
			children = (
				8F4FF6EC18889386003ACCCD /* PackageVersion.plist */,
				8F4FF6ED18889386003ACCCD /* iSwipe-Prefix.pch */,
			);
			name = "Supporting Files";
			sourceTree = "<group>";
		};
		8F4FF6F118889386003ACCCD /* Library */ = {
			isa = PBXGroup;
			children = (
				8F4FF6F218889386003ACCCD /* MobileSubstrate */,
			);
			name = Library;
			sourceTree = "<group>";
		};
		8F4FF6F218889386003ACCCD /* MobileSubstrate */ = {
			isa = PBXGroup;
			children = (
				8F4FF6F318889386003ACCCD /* DynamicLibraries */,
			);
			name = MobileSubstrate;
			sourceTree = "<group>";
		};
		8F4FF6F318889386003ACCCD /* DynamicLibraries */ = {
			isa = PBXGroup;
			children = (
				8F4FF6F418889386003ACCCD /* iSwipe.plist */,
			);
			name = DynamicLibraries;
			sourceTree = "<group>";
		};
/* End PBXGroup section */

/* Begin PBXHeadersBuildPhase section */
		8F4FF6DE18889386003ACCCD /* Headers */ = {
			isa = PBXHeadersBuildPhase;
			buildActionMask = 2147483647;
			files = (
			);
			runOnlyForDeploymentPostprocessing = 0;
		};
/* End PBXHeadersBuildPhase section */

/* Begin PBXNativeTarget section */
		8F4FF6E018889386003ACCCD /* iSwipe */ = {
			isa = PBXNativeTarget;
			buildConfigurationList = 8F4FF6F718889386003ACCCD /* Build configuration list for PBXNativeTarget "iSwipe" */;
			buildPhases = (
				8F4FF6DB18889386003ACCCD /* ShellScript */,
				8F4FF6DC18889386003ACCCD /* Sources */,
				8F4FF6DD18889386003ACCCD /* Frameworks */,
				8F4FF6DE18889386003ACCCD /* Headers */,
				8F4FF6DF18889386003ACCCD /* ShellScript */,
			);
			buildRules = (
			);
			dependencies = (
			);
			name = iSwipe;
			productName = iSwipe;
			productReference = 8F4FF6E118889386003ACCCD /* iSwipe.dylib */;
			productType = "com.apple.product-type.library.dynamic";
		};
/* End PBXNativeTarget section */

/* Begin PBXProject section */
		8F4FF6D718889386003ACCCD /* Project object */ = {
			isa = PBXProject;
			attributes = {
				LastUpgradeCheck = 0500;
			};
			buildConfigurationList = 8F4FF6DA18889386003ACCCD /* Build configuration list for PBXProject "iSwipe" */;
			compatibilityVersion = "Xcode 3.2";
			developmentRegion = English;
			hasScannedForEncodings = 0;
			knownRegions = (
				en,
			);
			mainGroup = 8F4FF6D618889386003ACCCD;
			productRefGroup = 8F4FF6E218889386003ACCCD /* Products */;
			projectDirPath = "";
			projectRoot = "";
			targets = (
				8F4FF6E018889386003ACCCD /* iSwipe */,
			);
		};
/* End PBXProject section */

/* Begin PBXShellScriptBuildPhase section */
		8F4FF6DB18889386003ACCCD /* ShellScript */ = {
			isa = PBXShellScriptBuildPhase;
			buildActionMask = 2147483647;
			files = (
			);
			inputPaths = (
			);
			outputPaths = (
			);
			runOnlyForDeploymentPostprocessing = 0;
			shellPath = /bin/sh;
			shellScript = "/opt/iOSOpenDev/bin/iosod --xcbp-logos";
		};
		8F4FF6DF18889386003ACCCD /* ShellScript */ = {
			isa = PBXShellScriptBuildPhase;
			buildActionMask = 2147483647;
			files = (
			);
			inputPaths = (
			);
			outputPaths = (
			);
			runOnlyForDeploymentPostprocessing = 0;
			shellPath = /bin/sh;
			shellScript = "/opt/iOSOpenDev/bin/iosod --xcbp";
		};
/* End PBXShellScriptBuildPhase section */

/* Begin PBXSourcesBuildPhase section */
		8F4FF6DC18889386003ACCCD /* Sources */ = {
			isa = PBXSourcesBuildPhase;
			buildActionMask = 2147483647;
			files = (
				8F4FF6F018889386003ACCCD /* iSwipe.mm in Sources */,
			);
			runOnlyForDeploymentPostprocessing = 0;
		};
/* End PBXSourcesBuildPhase section */

/* Begin XCBuildConfiguration section */
		8F4FF6F518889386003ACCCD /* Debug */ = {
			isa = XCBuildConfiguration;
			buildSettings = {
				ARCHS = "$(ARCHS_STANDARD_INCLUDING_64_BIT)";
				CLANG_ENABLE_MODULES = YES;
				COPY_PHASE_STRIP = NO;
				EXCLUDED_RECURSIVE_SEARCH_PATH_SUBDIRECTORIES = "*.nib *.lproj *.gch (*) .DS_Store CVS .svn .git .hg *.xcodeproj *.xcode *.pbproj *.pbxproj";
				FRAMEWORK_SEARCH_PATHS = (
					"$(iOSOpenDevPath)/frameworks/**",
					"$(SDKROOT)/System/Library/PrivateFrameworks",
				);
				GCC_C_LANGUAGE_STANDARD = gnu99;
				GCC_DYNAMIC_NO_PIC = NO;
				GCC_OPTIMIZATION_LEVEL = 0;
				GCC_PREPROCESSOR_DEFINITIONS = (
					"DEBUG=1",
					"$(inherited)",
				);
				GCC_SYMBOLS_PRIVATE_EXTERN = NO;
				GCC_WARN_ABOUT_MISSING_PROTOTYPES = YES;
				GCC_WARN_ABOUT_RETURN_TYPE = YES;
				GCC_WARN_UNUSED_VARIABLE = YES;
				HEADER_SEARCH_PATHS = "$(iOSOpenDevPath)/include/**";
				IPHONEOS_DEPLOYMENT_TARGET = 7.0;
				LIBRARY_SEARCH_PATHS = "$(iOSOpenDevPath)/lib/**";
				ONLY_ACTIVE_ARCH = YES;
				SDKROOT = iphoneos;
				TARGETED_DEVICE_FAMILY = "1,2";
				VALIDATE_PRODUCT = NO;
				iOSOpenDevPath = /opt/iOSOpenDev;
			};
			name = Debug;
		};
		8F4FF6F618889386003ACCCD /* Release */ = {
			isa = XCBuildConfiguration;
			buildSettings = {
				ARCHS = "$(ARCHS_STANDARD_INCLUDING_64_BIT)";
				CLANG_ENABLE_MODULES = YES;
				COPY_PHASE_STRIP = YES;
				EXCLUDED_RECURSIVE_SEARCH_PATH_SUBDIRECTORIES = "*.nib *.lproj *.gch (*) .DS_Store CVS .svn .git .hg *.xcodeproj *.xcode *.pbproj *.pbxproj";
				FRAMEWORK_SEARCH_PATHS = (
					"$(iOSOpenDevPath)/frameworks/**",
					"$(SDKROOT)/System/Library/PrivateFrameworks",
				);
				GCC_C_LANGUAGE_STANDARD = gnu99;
				GCC_WARN_ABOUT_MISSING_PROTOTYPES = YES;
				GCC_WARN_ABOUT_RETURN_TYPE = YES;
				GCC_WARN_UNUSED_VARIABLE = YES;
				HEADER_SEARCH_PATHS = "$(iOSOpenDevPath)/include/**";
				IPHONEOS_DEPLOYMENT_TARGET = 7.0;
				LIBRARY_SEARCH_PATHS = "$(iOSOpenDevPath)/lib/**";
				SDKROOT = iphoneos;
				TARGETED_DEVICE_FAMILY = "1,2";
				VALIDATE_PRODUCT = YES;
				iOSOpenDevPath = /opt/iOSOpenDev;
			};
			name = Release;
		};
		8F4FF6F818889386003ACCCD /* Debug */ = {
			isa = XCBuildConfiguration;
			buildSettings = {
				CODE_SIGN_IDENTITY = "";
				DYLIB_COMPATIBILITY_VERSION = 1;
				DYLIB_CURRENT_VERSION = 1;
				GCC_PRECOMPILE_PREFIX_HEADER = YES;
				GCC_PREFIX_HEADER = "iSwipe/iSwipe-Prefix.pch";
				INSTALL_PATH = /Library/MobileSubstrate/DynamicLibraries;
				PRODUCT_NAME = "$(TARGET_NAME)";
				iOSOpenDevBuildPackageOnAnyBuild = NO;
				iOSOpenDevCopyOnBuild = NO;
				iOSOpenDevDevice = "";
				iOSOpenDevInstallOnAnyBuild = NO;
				iOSOpenDevInstallOnProfiling = YES;
				iOSOpenDevRespringOnInstall = YES;
				iOSOpenDevUsePackageVersionPList = YES;
			};
			name = Debug;
		};
		8F4FF6F918889386003ACCCD /* Release */ = {
			isa = XCBuildConfiguration;
			buildSettings = {
				CODE_SIGN_IDENTITY = "";
				DYLIB_COMPATIBILITY_VERSION = 1;
				DYLIB_CURRENT_VERSION = 1;
				GCC_PRECOMPILE_PREFIX_HEADER = YES;
				GCC_PREFIX_HEADER = "iSwipe/iSwipe-Prefix.pch";
				INSTALL_PATH = /Library/MobileSubstrate/DynamicLibraries;
				PRODUCT_NAME = "$(TARGET_NAME)";
				iOSOpenDevBuildPackageOnAnyBuild = NO;
				iOSOpenDevCopyOnBuild = NO;
				iOSOpenDevDevice = "";
				iOSOpenDevInstallOnAnyBuild = NO;
				iOSOpenDevInstallOnProfiling = YES;
				iOSOpenDevRespringOnInstall = YES;
				iOSOpenDevUsePackageVersionPList = YES;
			};
			name = Release;
		};
/* End XCBuildConfiguration section */

/* Begin XCConfigurationList section */
		8F4FF6DA18889386003ACCCD /* Build configuration list for PBXProject "iSwipe" */ = {
			isa = XCConfigurationList;
			buildConfigurations = (
				8F4FF6F518889386003ACCCD /* Debug */,
				8F4FF6F618889386003ACCCD /* Release */,
			);
			defaultConfigurationIsVisible = 0;
			defaultConfigurationName = Release;
		};
		8F4FF6F718889386003ACCCD /* Build configuration list for PBXNativeTarget "iSwipe" */ = {
			isa = XCConfigurationList;
			buildConfigurations = (
				8F4FF6F818889386003ACCCD /* Debug */,
				8F4FF6F918889386003ACCCD /* Release */,
			);
			defaultConfigurationIsVisible = 0;
		};
/* End XCConfigurationList section */
	};
	rootObject = 8F4FF6D718889386003ACCCD /* Project object */;
}
